{
  "name": "ecosystem-options-node-fixture",
  "lockfileVersion": 3,
  "requires": true,
  "packages": {
    "": {
      "dependencies": {
        "leftpad": "^1.0.0"
      }
    },
    "node_modules/leftpad": {
      "version": "1.0.0",
      "resolved": "https://registry.npmjs.org/leftpad/-/leftpad-1.0.0.tgz",
      "integrity": "sha512-bbbbbbbbbbbbbbbbbbbbbbbbbbbbbbbbbbbbbbbbbbbbbbbbbbbbbbbbbbbbbbbb"
    }
  }
}
